
Microsoft Visual Studio Solution File, Format Version 12.00
# Visual Studio 15
VisualStudioVersion = 15.0.27428.2005
MinimumVisualStudioVersion = 10.0.40219.1
Project("{E24C65DC-7377-472B-9ABA-BC803B73C61A}") = "HW04", "HW04\", "{FC6F579E-0200-4577-A721-7D5BD0E20686}"
	ProjectSection(WebsiteProperties) = preProject
		TargetFrameworkMoniker = ".NETFramework,Version%3Dv4.5"
		Debug.AspNetCompiler.VirtualPath = "/localhost_62442"
		Debug.AspNetCompiler.PhysicalPath = "HW04\"
		Debug.AspNetCompiler.TargetPath = "PrecompiledWeb\localhost_62442\"
		Debug.AspNetCompiler.Updateable = "true"
		Debug.AspNetCompiler.ForceOverwrite = "true"
		Debug.AspNetCompiler.FixedNames = "false"
		Debug.AspNetCompiler.Debug = "True"
		Release.AspNetCompiler.VirtualPath = "/localhost_62442"
		Release.AspNetCompiler.PhysicalPath = "HW04\"
		Release.AspNetCompiler.TargetPath = "PrecompiledWeb\localhost_62442\"
		Release.AspNetCompiler.Updateable = "true"
		Release.AspNetCompiler.ForceOverwrite = "true"
		Release.AspNetCompiler.FixedNames = "false"
		Release.AspNetCompiler.Debug = "False"
		VWDPort = "62442"
		SlnRelativePath = "HW04\"
		DefaultWebSiteLanguage = "Visual C#"
	EndProjectSection
EndProject
Global
	GlobalSection(SolutionConfigurationPlatforms) = preSolution
		Debug|Any CPU = Debug|Any CPU
	EndGlobalSection
	GlobalSection(ProjectConfigurationPlatforms) = postSolution
		{FC6F579E-0200-4577-A721-7D5BD0E20686}.Debug|Any CPU.ActiveCfg = Debug|Any CPU
		{FC6F579E-0200-4577-A721-7D5BD0E20686}.Debug|Any CPU.Build.0 = Debug|Any CPU
	EndGlobalSection
	GlobalSection(SolutionProperties) = preSolution
		HideSolutionNode = FALSE
	EndGlobalSection
	GlobalSection(ExtensibilityGlobals) = postSolution
		SolutionGuid = {5DCABC28-7EC2-4ADB-9317-3A0952B29DE9}
	EndGlobalSection
EndGlobal
